
Microsoft Visual Studio Solution File, Format Version 12.00
# Visual Studio Version 16
VisualStudioVersion = 16.0.31019.35
MinimumVisualStudioVersion = 10.0.40219.1
Project("{FAE04EC0-301F-11D3-BF4B-00C04F79EFBC}") = "FizzBuzz", "FizzBuzz\FizzBuzz.csproj", "{EEFC8B87-7F2C-4ADE-9861-9D6CE062F393}"
EndProject
Global
	GlobalSection(SolutionConfigurationPlatforms) = preSolution
		Debug|Any CPU = Debug|Any CPU
		Release|Any CPU = Release|Any CPU
	EndGlobalSection
	GlobalSection(ProjectConfigurationPlatforms) = postSolution
		{EEFC8B87-7F2C-4ADE-9861-9D6CE062F393}.Debug|Any CPU.ActiveCfg = Debug|Any CPU
		{EEFC8B87-7F2C-4ADE-9861-9D6CE062F393}.Debug|Any CPU.Build.0 = Debug|Any CPU
		{EEFC8B87-7F2C-4ADE-9861-9D6CE062F393}.Release|Any CPU.ActiveCfg = Release|Any CPU
		{EEFC8B87-7F2C-4ADE-9861-9D6CE062F393}.Release|Any CPU.Build.0 = Release|Any CPU
	EndGlobalSection
	GlobalSection(SolutionProperties) = preSolution
		HideSolutionNode = FALSE
	EndGlobalSection
	GlobalSection(ExtensibilityGlobals) = postSolution
		SolutionGuid = {E7603DB5-2181-4EA1-AF95-0FD7FD2B6408}
	EndGlobalSection
EndGlobal
